Microsoft Visual Studio Solution File, Format Version 12.00
# Visual Studio Version 17
VisualStudioVersion = 17.0.31903.59
MinimumVisualStudioVersion = 10.0.40219.1
Project("{FAE04EC0-301F-11D3-BF4B-00C04F79EFBC}") = "SkillSwap.API", "src\SkillSwap.API\SkillSwap.API.csproj", "{A1B2C3D4-E5F6-7890-ABCD-EF1234567890}"
EndProject
Project("{FAE04EC0-301F-11D3-BF4B-00C04F79EFBC}") = "SkillSwap.Core", "src\SkillSwap.Core\SkillSwap.Core.csproj", "{22D0F1C6-6C9C-4C74-BEAD-0980EA663109}"
EndProject
Project("{FAE04EC0-301F-11D3-BF4B-00C04F79EFBC}") = "SkillSwap.Infrastructure", "src\SkillSwap.Infrastructure\SkillSwap.Infrastructure.csproj", "{95A63C98-D9AB-4E47-9CF2-14AF41466DFC}"
EndProject
Global
	GlobalSection(SolutionConfigurationPlatforms) = preSolution
		Debug|Any CPU = Debug|Any CPU
		Release|Any CPU = Release|Any CPU
	EndGlobalSection
	GlobalSection(ProjectConfigurationPlatforms) = postSolution
		{A1B2C3D4-E5F6-7890-ABCD-EF1234567890}.Debug|Any CPU.ActiveCfg = Debug|Any CPU
		{A1B2C3D4-E5F6-7890-ABCD-EF1234567890}.Debug|Any CPU.Build.0 = Debug|Any CPU
		{A1B2C3D4-E5F6-7890-ABCD-EF1234567890}.Release|Any CPU.ActiveCfg = Release|Any CPU
		{A1B2C3D4-E5F6-7890-ABCD-EF1234567890}.Release|Any CPU.Build.0 = Release|Any CPU
		{22D0F1C6-6C9C-4C74-BEAD-0980EA663109}.Debug|Any CPU.ActiveCfg = Debug|Any CPU
		{22D0F1C6-6C9C-4C74-BEAD-0980EA663109}.Debug|Any CPU.Build.0 = Debug|Any CPU
		{22D0F1C6-6C9C-4C74-BEAD-0980EA663109}.Release|Any CPU.ActiveCfg = Release|Any CPU
		{22D0F1C6-6C9C-4C74-BEAD-0980EA663109}.Release|Any CPU.Build.0 = Release|Any CPU
		{95A63C98-D9AB-4E47-9CF2-14AF41466DFC}.Debug|Any CPU.ActiveCfg = Debug|Any CPU
		{95A63C98-D9AB-4E47-9CF2-14AF41466DFC}.Debug|Any CPU.Build.0 = Debug|Any CPU
		{95A63C98-D9AB-4E47-9CF2-14AF41466DFC}.Release|Any CPU.ActiveCfg = Release|Any CPU
		{95A63C98-D9AB-4E47-9CF2-14AF41466DFC}.Release|Any CPU.Build.0 = Release|Any CPU
	EndGlobalSection
	GlobalSection(SolutionProperties) = preSolution
		HideSolutionNode = FALSE
	EndGlobalSection
EndGlobal
